
Microsoft Visual Studio Solution File, Format Version 12.00
# Visual Studio Version 16
VisualStudioVersion = 16.0.29102.190
MinimumVisualStudioVersion = 10.0.40219.1
Project("{9A19103F-16F7-4668-BE54-9A1E7A4F7556}") = "Shipwreck.Phash.V0_3_6", "Shipwreck.Phash.V0_3_6.csproj", "{DD27D4BB-4F85-4DC5-89F5-AF669A9703D5}"
EndProject
Global
	GlobalSection(SolutionConfigurationPlatforms) = preSolution
		Debug|Any CPU = Debug|Any CPU
		Release|Any CPU = Release|Any CPU
	EndGlobalSection
	GlobalSection(ProjectConfigurationPlatforms) = postSolution
		{DD27D4BB-4F85-4DC5-89F5-AF669A9703D5}.Debug|Any CPU.ActiveCfg = Debug|Any CPU
		{DD27D4BB-4F85-4DC5-89F5-AF669A9703D5}.Debug|Any CPU.Build.0 = Debug|Any CPU
		{DD27D4BB-4F85-4DC5-89F5-AF669A9703D5}.Release|Any CPU.ActiveCfg = Release|Any CPU
		{DD27D4BB-4F85-4DC5-89F5-AF669A9703D5}.Release|Any CPU.Build.0 = Release|Any CPU
	EndGlobalSection
	GlobalSection(SolutionProperties) = preSolution
		HideSolutionNode = FALSE
	EndGlobalSection
	GlobalSection(ExtensibilityGlobals) = postSolution
		SolutionGuid = {6D2E170D-356F-4B35-8A9A-6E95CF075CB5}
	EndGlobalSection
EndGlobal
