
Microsoft Visual Studio Solution File, Format Version 12.00
# Visual Studio 14
VisualStudioVersion = 14.0.25420.1
MinimumVisualStudioVersion = 10.0.40219.1
Project("{FAE04EC0-301F-11D3-BF4B-00C04F79EFBC}") = "Shipwreck.Phash", "Shipwreck.Phash\Shipwreck.Phash.csproj", "{7D98638A-93D4-46AE-9263-8D513A1C9EAA}"
EndProject
Project("{FAE04EC0-301F-11D3-BF4B-00C04F79EFBC}") = "Shipwreck.Phash.TestApp", "Shipwreck.Phash.TestApp\Shipwreck.Phash.TestApp.csproj", "{DEBCF36D-A95A-48CA-ACF2-3ADDC5188E82}"
EndProject
Project("{FAE04EC0-301F-11D3-BF4B-00C04F79EFBC}") = "Shipwreck.Phash.Data", "Shipwreck.Phash.Data\Shipwreck.Phash.Data.csproj", "{32793FFE-10F6-45A9-879F-D9F3447A949C}"
EndProject
Project("{FAE04EC0-301F-11D3-BF4B-00C04F79EFBC}") = "Shipwreck.Phash.Data.Tests", "Shipwreck.Phash.Data.Tests\Shipwreck.Phash.Data.Tests.csproj", "{17F7B35C-838C-4D99-ABB7-C2B70FA0CE51}"
EndProject
Global
	GlobalSection(SolutionConfigurationPlatforms) = preSolution
		Debug|Any CPU = Debug|Any CPU
		Release|Any CPU = Release|Any CPU
	EndGlobalSection
	GlobalSection(ProjectConfigurationPlatforms) = postSolution
		{7D98638A-93D4-46AE-9263-8D513A1C9EAA}.Debug|Any CPU.ActiveCfg = Debug|Any CPU
		{7D98638A-93D4-46AE-9263-8D513A1C9EAA}.Debug|Any CPU.Build.0 = Debug|Any CPU
		{7D98638A-93D4-46AE-9263-8D513A1C9EAA}.Release|Any CPU.ActiveCfg = Release|Any CPU
		{7D98638A-93D4-46AE-9263-8D513A1C9EAA}.Release|Any CPU.Build.0 = Release|Any CPU
		{DEBCF36D-A95A-48CA-ACF2-3ADDC5188E82}.Debug|Any CPU.ActiveCfg = Debug|Any CPU
		{DEBCF36D-A95A-48CA-ACF2-3ADDC5188E82}.Debug|Any CPU.Build.0 = Debug|Any CPU
		{DEBCF36D-A95A-48CA-ACF2-3ADDC5188E82}.Release|Any CPU.ActiveCfg = Release|Any CPU
		{DEBCF36D-A95A-48CA-ACF2-3ADDC5188E82}.Release|Any CPU.Build.0 = Release|Any CPU
		{32793FFE-10F6-45A9-879F-D9F3447A949C}.Debug|Any CPU.ActiveCfg = Debug|Any CPU
		{32793FFE-10F6-45A9-879F-D9F3447A949C}.Debug|Any CPU.Build.0 = Debug|Any CPU
		{32793FFE-10F6-45A9-879F-D9F3447A949C}.Release|Any CPU.ActiveCfg = Release|Any CPU
		{32793FFE-10F6-45A9-879F-D9F3447A949C}.Release|Any CPU.Build.0 = Release|Any CPU
		{17F7B35C-838C-4D99-ABB7-C2B70FA0CE51}.Debug|Any CPU.ActiveCfg = Debug|Any CPU
		{17F7B35C-838C-4D99-ABB7-C2B70FA0CE51}.Debug|Any CPU.Build.0 = Debug|Any CPU
		{17F7B35C-838C-4D99-ABB7-C2B70FA0CE51}.Release|Any CPU.ActiveCfg = Release|Any CPU
		{17F7B35C-838C-4D99-ABB7-C2B70FA0CE51}.Release|Any CPU.Build.0 = Release|Any CPU
	EndGlobalSection
	GlobalSection(SolutionProperties) = preSolution
		HideSolutionNode = FALSE
	EndGlobalSection
EndGlobal
