
Microsoft Visual Studio Solution File, Format Version 12.00
# Visual Studio Version 16
VisualStudioVersion = 16.0.29102.190
MinimumVisualStudioVersion = 10.0.40219.1
Project("{9A19103F-16F7-4668-BE54-9A1E7A4F7556}") = "Shipwreck.Phash", "Shipwreck.Phash\Shipwreck.Phash.csproj", "{7D98638A-93D4-46AE-9263-8D513A1C9EAA}"
EndProject
Project("{9A19103F-16F7-4668-BE54-9A1E7A4F7556}") = "Shipwreck.Phash.Data", "Shipwreck.Phash.Data\Shipwreck.Phash.Data.csproj", "{32793FFE-10F6-45A9-879F-D9F3447A949C}"
EndProject
Project("{9A19103F-16F7-4668-BE54-9A1E7A4F7556}") = "Shipwreck.Phash.Data.Tests", "Shipwreck.Phash.Data.Tests\Shipwreck.Phash.Data.Tests.csproj", "{17F7B35C-838C-4D99-ABB7-C2B70FA0CE51}"
EndProject
Project("{9A19103F-16F7-4668-BE54-9A1E7A4F7556}") = "Shipwreck.Phash.TestApp", "Shipwreck.Phash.TestApp\Shipwreck.Phash.TestApp.csproj", "{DEBCF36D-A95A-48CA-ACF2-3ADDC5188E82}"
EndProject
Project("{2150E333-8FDC-42A3-9474-1A3956D46DE8}") = "Solution Items", "Solution Items", "{C36A4D52-112A-437E-994F-B5989E023CC1}"
	ProjectSection(SolutionItems) = preProject
		..\.editorconfig = ..\.editorconfig
		Directory.build.props = Directory.build.props
		..\README.md = ..\README.md
		..\TargetFrameworks.md = ..\TargetFrameworks.md
	EndProjectSection
EndProject
Project("{9A19103F-16F7-4668-BE54-9A1E7A4F7556}") = "Shipwreck.Phash.CrossCorrelation", "Shipwreck.Phash.CrossCorrelation\Shipwreck.Phash.CrossCorrelation.csproj", "{95E3E955-CF81-498D-80C5-5FB0B687EBA9}"
EndProject
Project("{9A19103F-16F7-4668-BE54-9A1E7A4F7556}") = "Shipwreck.Phash.Bitmaps", "Shipwreck.Phash.Bitmaps\Shipwreck.Phash.Bitmaps.csproj", "{322B6F8F-E473-40D8-AF83-76FEDDEA1CC8}"
EndProject
Project("{9A19103F-16F7-4668-BE54-9A1E7A4F7556}") = "Shipwreck.Phash.Tests", "Shipwreck.Phash.Tests\Shipwreck.Phash.Tests.csproj", "{B6573452-7805-4A81-ABA9-A7E5C8C10F53}"
EndProject
Project("{9A19103F-16F7-4668-BE54-9A1E7A4F7556}") = "Shipwreck.Phash.PresentationCore", "Shipwreck.Phash.PresentationCore\Shipwreck.Phash.PresentationCore.csproj", "{214527EA-A228-4633-A9F4-16B8C2F6AA56}"
EndProject
Project("{9A19103F-16F7-4668-BE54-9A1E7A4F7556}") = "Shipwreck.Phash.Bitmaps.Tests", "Shipwreck.Phash.Bitmaps.Tests\Shipwreck.Phash.Bitmaps.Tests.csproj", "{04B29B49-57EF-46A5-A57C-B9526C1C37F3}"
EndProject
Global
	GlobalSection(SolutionConfigurationPlatforms) = preSolution
		Debug|Any CPU = Debug|Any CPU
		Debug|x86 = Debug|x86
		Release|Any CPU = Release|Any CPU
		Release|x86 = Release|x86
	EndGlobalSection
	GlobalSection(ProjectConfigurationPlatforms) = postSolution
		{7D98638A-93D4-46AE-9263-8D513A1C9EAA}.Debug|Any CPU.ActiveCfg = Debug|Any CPU
		{7D98638A-93D4-46AE-9263-8D513A1C9EAA}.Debug|Any CPU.Build.0 = Debug|Any CPU
		{7D98638A-93D4-46AE-9263-8D513A1C9EAA}.Debug|x86.ActiveCfg = Debug|Any CPU
		{7D98638A-93D4-46AE-9263-8D513A1C9EAA}.Debug|x86.Build.0 = Debug|Any CPU
		{7D98638A-93D4-46AE-9263-8D513A1C9EAA}.Release|Any CPU.ActiveCfg = Release|Any CPU
		{7D98638A-93D4-46AE-9263-8D513A1C9EAA}.Release|Any CPU.Build.0 = Release|Any CPU
		{7D98638A-93D4-46AE-9263-8D513A1C9EAA}.Release|x86.ActiveCfg = Release|Any CPU
		{7D98638A-93D4-46AE-9263-8D513A1C9EAA}.Release|x86.Build.0 = Release|Any CPU
		{32793FFE-10F6-45A9-879F-D9F3447A949C}.Debug|Any CPU.ActiveCfg = Debug|Any CPU
		{32793FFE-10F6-45A9-879F-D9F3447A949C}.Debug|Any CPU.Build.0 = Debug|Any CPU
		{32793FFE-10F6-45A9-879F-D9F3447A949C}.Debug|x86.ActiveCfg = Debug|Any CPU
		{32793FFE-10F6-45A9-879F-D9F3447A949C}.Debug|x86.Build.0 = Debug|Any CPU
		{32793FFE-10F6-45A9-879F-D9F3447A949C}.Release|Any CPU.ActiveCfg = Release|Any CPU
		{32793FFE-10F6-45A9-879F-D9F3447A949C}.Release|Any CPU.Build.0 = Release|Any CPU
		{32793FFE-10F6-45A9-879F-D9F3447A949C}.Release|x86.ActiveCfg = Release|Any CPU
		{32793FFE-10F6-45A9-879F-D9F3447A949C}.Release|x86.Build.0 = Release|Any CPU
		{17F7B35C-838C-4D99-ABB7-C2B70FA0CE51}.Debug|Any CPU.ActiveCfg = Debug|Any CPU
		{17F7B35C-838C-4D99-ABB7-C2B70FA0CE51}.Debug|Any CPU.Build.0 = Debug|Any CPU
		{17F7B35C-838C-4D99-ABB7-C2B70FA0CE51}.Debug|x86.ActiveCfg = Debug|Any CPU
		{17F7B35C-838C-4D99-ABB7-C2B70FA0CE51}.Debug|x86.Build.0 = Debug|Any CPU
		{17F7B35C-838C-4D99-ABB7-C2B70FA0CE51}.Release|Any CPU.ActiveCfg = Release|Any CPU
		{17F7B35C-838C-4D99-ABB7-C2B70FA0CE51}.Release|Any CPU.Build.0 = Release|Any CPU
		{17F7B35C-838C-4D99-ABB7-C2B70FA0CE51}.Release|x86.ActiveCfg = Release|Any CPU
		{17F7B35C-838C-4D99-ABB7-C2B70FA0CE51}.Release|x86.Build.0 = Release|Any CPU
		{DEBCF36D-A95A-48CA-ACF2-3ADDC5188E82}.Debug|Any CPU.ActiveCfg = Debug|Any CPU
		{DEBCF36D-A95A-48CA-ACF2-3ADDC5188E82}.Debug|Any CPU.Build.0 = Debug|Any CPU
		{DEBCF36D-A95A-48CA-ACF2-3ADDC5188E82}.Debug|x86.ActiveCfg = Debug|Any CPU
		{DEBCF36D-A95A-48CA-ACF2-3ADDC5188E82}.Debug|x86.Build.0 = Debug|Any CPU
		{DEBCF36D-A95A-48CA-ACF2-3ADDC5188E82}.Release|Any CPU.ActiveCfg = Release|Any CPU
		{DEBCF36D-A95A-48CA-ACF2-3ADDC5188E82}.Release|Any CPU.Build.0 = Release|Any CPU
		{DEBCF36D-A95A-48CA-ACF2-3ADDC5188E82}.Release|x86.ActiveCfg = Release|Any CPU
		{DEBCF36D-A95A-48CA-ACF2-3ADDC5188E82}.Release|x86.Build.0 = Release|Any CPU
		{95E3E955-CF81-498D-80C5-5FB0B687EBA9}.Debug|Any CPU.ActiveCfg = Debug|Any CPU
		{95E3E955-CF81-498D-80C5-5FB0B687EBA9}.Debug|Any CPU.Build.0 = Debug|Any CPU
		{95E3E955-CF81-498D-80C5-5FB0B687EBA9}.Debug|x86.ActiveCfg = Debug|Any CPU
		{95E3E955-CF81-498D-80C5-5FB0B687EBA9}.Debug|x86.Build.0 = Debug|Any CPU
		{95E3E955-CF81-498D-80C5-5FB0B687EBA9}.Release|Any CPU.ActiveCfg = Release|Any CPU
		{95E3E955-CF81-498D-80C5-5FB0B687EBA9}.Release|Any CPU.Build.0 = Release|Any CPU
		{95E3E955-CF81-498D-80C5-5FB0B687EBA9}.Release|x86.ActiveCfg = Release|Any CPU
		{95E3E955-CF81-498D-80C5-5FB0B687EBA9}.Release|x86.Build.0 = Release|Any CPU
		{322B6F8F-E473-40D8-AF83-76FEDDEA1CC8}.Debug|Any CPU.ActiveCfg = Debug|Any CPU
		{322B6F8F-E473-40D8-AF83-76FEDDEA1CC8}.Debug|Any CPU.Build.0 = Debug|Any CPU
		{322B6F8F-E473-40D8-AF83-76FEDDEA1CC8}.Debug|x86.ActiveCfg = Debug|Any CPU
		{322B6F8F-E473-40D8-AF83-76FEDDEA1CC8}.Debug|x86.Build.0 = Debug|Any CPU
		{322B6F8F-E473-40D8-AF83-76FEDDEA1CC8}.Release|Any CPU.ActiveCfg = Release|Any CPU
		{322B6F8F-E473-40D8-AF83-76FEDDEA1CC8}.Release|Any CPU.Build.0 = Release|Any CPU
		{322B6F8F-E473-40D8-AF83-76FEDDEA1CC8}.Release|x86.ActiveCfg = Release|Any CPU
		{322B6F8F-E473-40D8-AF83-76FEDDEA1CC8}.Release|x86.Build.0 = Release|Any CPU
		{B6573452-7805-4A81-ABA9-A7E5C8C10F53}.Debug|Any CPU.ActiveCfg = Debug|Any CPU
		{B6573452-7805-4A81-ABA9-A7E5C8C10F53}.Debug|Any CPU.Build.0 = Debug|Any CPU
		{B6573452-7805-4A81-ABA9-A7E5C8C10F53}.Debug|x86.ActiveCfg = Debug|Any CPU
		{B6573452-7805-4A81-ABA9-A7E5C8C10F53}.Debug|x86.Build.0 = Debug|Any CPU
		{B6573452-7805-4A81-ABA9-A7E5C8C10F53}.Release|Any CPU.ActiveCfg = Release|Any CPU
		{B6573452-7805-4A81-ABA9-A7E5C8C10F53}.Release|Any CPU.Build.0 = Release|Any CPU
		{B6573452-7805-4A81-ABA9-A7E5C8C10F53}.Release|x86.ActiveCfg = Release|Any CPU
		{B6573452-7805-4A81-ABA9-A7E5C8C10F53}.Release|x86.Build.0 = Release|Any CPU
		{214527EA-A228-4633-A9F4-16B8C2F6AA56}.Debug|Any CPU.ActiveCfg = Debug|Any CPU
		{214527EA-A228-4633-A9F4-16B8C2F6AA56}.Debug|Any CPU.Build.0 = Debug|Any CPU
		{214527EA-A228-4633-A9F4-16B8C2F6AA56}.Debug|x86.ActiveCfg = Debug|Any CPU
		{214527EA-A228-4633-A9F4-16B8C2F6AA56}.Debug|x86.Build.0 = Debug|Any CPU
		{214527EA-A228-4633-A9F4-16B8C2F6AA56}.Release|Any CPU.ActiveCfg = Release|Any CPU
		{214527EA-A228-4633-A9F4-16B8C2F6AA56}.Release|Any CPU.Build.0 = Release|Any CPU
		{214527EA-A228-4633-A9F4-16B8C2F6AA56}.Release|x86.ActiveCfg = Release|Any CPU
		{214527EA-A228-4633-A9F4-16B8C2F6AA56}.Release|x86.Build.0 = Release|Any CPU
		{04B29B49-57EF-46A5-A57C-B9526C1C37F3}.Debug|Any CPU.ActiveCfg = Debug|Any CPU
		{04B29B49-57EF-46A5-A57C-B9526C1C37F3}.Debug|Any CPU.Build.0 = Debug|Any CPU
		{04B29B49-57EF-46A5-A57C-B9526C1C37F3}.Debug|x86.ActiveCfg = Debug|Any CPU
		{04B29B49-57EF-46A5-A57C-B9526C1C37F3}.Debug|x86.Build.0 = Debug|Any CPU
		{04B29B49-57EF-46A5-A57C-B9526C1C37F3}.Release|Any CPU.ActiveCfg = Release|Any CPU
		{04B29B49-57EF-46A5-A57C-B9526C1C37F3}.Release|Any CPU.Build.0 = Release|Any CPU
		{04B29B49-57EF-46A5-A57C-B9526C1C37F3}.Release|x86.ActiveCfg = Release|Any CPU
		{04B29B49-57EF-46A5-A57C-B9526C1C37F3}.Release|x86.Build.0 = Release|Any CPU
	EndGlobalSection
	GlobalSection(SolutionProperties) = preSolution
		HideSolutionNode = FALSE
	EndGlobalSection
	GlobalSection(ExtensibilityGlobals) = postSolution
		SolutionGuid = {648CABBD-734D-4143-9AF3-D87957143EB0}
	EndGlobalSection
EndGlobal
